%{"amqp": {:hex, :amqp, "0.1.4"},
  "amqp_client": {:hex, :amqp_client, "3.5.6"},
  "certifi": {:hex, :certifi, "0.3.0"},
  "combine": {:hex, :combine, "0.7.0"},
  "gproc": {:hex, :gproc, "0.5.0"},
  "hackney": {:hex, :hackney, "1.4.8"},
  "httpoison": {:hex, :httpoison, "0.8.1"},
  "idna": {:hex, :idna, "1.0.3"},
  "mimerl": {:hex, :mimerl, "1.0.2"},
  "poison": {:hex, :poison, "2.1.0"},
  "rabbit_common": {:hex, :rabbit_common, "3.5.6"},
  "ssl_verify_hostname": {:hex, :ssl_verify_hostname, "1.0.5"},
  "timex": {:hex, :timex, "1.0.1"},
  "tzdata": {:hex, :tzdata, "0.5.6"}}
